// !$*UTF8*$!
{
	archiveVersion = 1;
	classes = {
	};
	objectVersion = 50;
	objects = {

/* Begin PBXBuildFile section */
		8B9843C32527B75D00BDD91D /* AppDelegate.swift in Sources */ = {isa = PBXBuildFile; fileRef = 8B9843C22527B75D00BDD91D /* AppDelegate.swift */; };
		8B9843C52527B75D00BDD91D /* SceneDelegate.swift in Sources */ = {isa = PBXBuildFile; fileRef = 8B9843C42527B75D00BDD91D /* SceneDelegate.swift */; };
		8B9843C82527B75D00BDD91D /* Bookworm.xcdatamodeld in Sources */ = {isa = PBXBuildFile; fileRef = 8B9843C62527B75D00BDD91D /* Bookworm.xcdatamodeld */; };
		8B9843CA2527B75D00BDD91D /* ContentView.swift in Sources */ = {isa = PBXBuildFile; fileRef = 8B9843C92527B75D00BDD91D /* ContentView.swift */; };
		8B9843CC2527B76100BDD91D /* Assets.xcassets in Resources */ = {isa = PBXBuildFile; fileRef = 8B9843CB2527B76100BDD91D /* Assets.xcassets */; };
		8B9843CF2527B76100BDD91D /* Preview Assets.xcassets in Resources */ = {isa = PBXBuildFile; fileRef = 8B9843CE2527B76100BDD91D /* Preview Assets.xcassets */; };
		8B9843D22527B76100BDD91D /* LaunchScreen.storyboard in Resources */ = {isa = PBXBuildFile; fileRef = 8B9843D02527B76100BDD91D /* LaunchScreen.storyboard */; };
		8B9843DA2527FCFF00BDD91D /* AddBookView.swift in Sources */ = {isa = PBXBuildFile; fileRef = 8B9843D92527FCFF00BDD91D /* AddBookView.swift */; };
		8B9843DC2528028300BDD91D /* RatingView.swift in Sources */ = {isa = PBXBuildFile; fileRef = 8B9843DB2528028300BDD91D /* RatingView.swift */; };
		8B9843DE2528044C00BDD91D /* EmojiRatingView.swift in Sources */ = {isa = PBXBuildFile; fileRef = 8B9843DD2528044C00BDD91D /* EmojiRatingView.swift */; };
		8B9843E02528069A00BDD91D /* DetailView.swift in Sources */ = {isa = PBXBuildFile; fileRef = 8B9843DF2528069A00BDD91D /* DetailView.swift */; };
/* End PBXBuildFile section */

/* Begin PBXFileReference section */
		8B9843BF2527B75D00BDD91D /* Bookworm.app */ = {isa = PBXFileReference; explicitFileType = wrapper.application; includeInIndex = 0; path = Bookworm.app; sourceTree = BUILT_PRODUCTS_DIR; };
		8B9843C22527B75D00BDD91D /* AppDelegate.swift */ = {isa = PBXFileReference; lastKnownFileType = sourcecode.swift; path = AppDelegate.swift; sourceTree = "<group>"; };
		8B9843C42527B75D00BDD91D /* SceneDelegate.swift */ = {isa = PBXFileReference; lastKnownFileType = sourcecode.swift; path = SceneDelegate.swift; sourceTree = "<group>"; };
		8B9843C72527B75D00BDD91D /* Bookworm.xcdatamodel */ = {isa = PBXFileReference; lastKnownFileType = wrapper.xcdatamodel; path = Bookworm.xcdatamodel; sourceTree = "<group>"; };
		8B9843C92527B75D00BDD91D /* ContentView.swift */ = {isa = PBXFileReference; lastKnownFileType = sourcecode.swift; path = ContentView.swift; sourceTree = "<group>"; };
		8B9843CB2527B76100BDD91D /* Assets.xcassets */ = {isa = PBXFileReference; lastKnownFileType = folder.assetcatalog; path = Assets.xcassets; sourceTree = "<group>"; };
		8B9843CE2527B76100BDD91D /* Preview Assets.xcassets */ = {isa = PBXFileReference; lastKnownFileType = folder.assetcatalog; path = "Preview Assets.xcassets"; sourceTree = "<group>"; };
		8B9843D12527B76100BDD91D /* Base */ = {isa = PBXFileReference; lastKnownFileType = file.storyboard; name = Base; path = Base.lproj/LaunchScreen.storyboard; sourceTree = "<group>"; };
		8B9843D32527B76100BDD91D /* Info.plist */ = {isa = PBXFileReference; lastKnownFileType = text.plist.xml; path = Info.plist; sourceTree = "<group>"; };
		8B9843D92527FCFF00BDD91D /* AddBookView.swift */ = {isa = PBXFileReference; lastKnownFileType = sourcecode.swift; path = AddBookView.swift; sourceTree = "<group>"; };
		8B9843DB2528028300BDD91D /* RatingView.swift */ = {isa = PBXFileReference; lastKnownFileType = sourcecode.swift; path = RatingView.swift; sourceTree = "<group>"; };
		8B9843DD2528044C00BDD91D /* EmojiRatingView.swift */ = {isa = PBXFileReference; lastKnownFileType = sourcecode.swift; path = EmojiRatingView.swift; sourceTree = "<group>"; };
		8B9843DF2528069A00BDD91D /* DetailView.swift */ = {isa = PBXFileReference; lastKnownFileType = sourcecode.swift; path = DetailView.swift; sourceTree = "<group>"; };
/* End PBXFileReference section */

/* Begin PBXFrameworksBuildPhase section */
		8B9843BC2527B75D00BDD91D /* Frameworks */ = {
			isa = PBXFrameworksBuildPhase;
			buildActionMask = 2147483647;
			files = (
			);
			runOnlyForDeploymentPostprocessing = 0;
		};
/* End PBXFrameworksBuildPhase section */

/* Begin PBXGroup section */
		8B9843B62527B75D00BDD91D = {
			isa = PBXGroup;
			children = (
				8B9843C12527B75D00BDD91D /* Bookworm */,
				8B9843C02527B75D00BDD91D /* Products */,
			);
			sourceTree = "<group>";
		};
		8B9843C02527B75D00BDD91D /* Products */ = {
			isa = PBXGroup;
			children = (
				8B9843BF2527B75D00BDD91D /* Bookworm.app */,
			);
			name = Products;
			sourceTree = "<group>";
		};
		8B9843C12527B75D00BDD91D /* Bookworm */ = {
			isa = PBXGroup;
			children = (
				8B9843C22527B75D00BDD91D /* AppDelegate.swift */,
				8B9843C42527B75D00BDD91D /* SceneDelegate.swift */,
				8B9843C92527B75D00BDD91D /* ContentView.swift */,
				8B9843D92527FCFF00BDD91D /* AddBookView.swift */,
				8B9843DD2528044C00BDD91D /* EmojiRatingView.swift */,
				8B9843DB2528028300BDD91D /* RatingView.swift */,
				8B9843DF2528069A00BDD91D /* DetailView.swift */,
				8B9843CB2527B76100BDD91D /* Assets.xcassets */,
				8B9843D02527B76100BDD91D /* LaunchScreen.storyboard */,
				8B9843D32527B76100BDD91D /* Info.plist */,
				8B9843C62527B75D00BDD91D /* Bookworm.xcdatamodeld */,
				8B9843CD2527B76100BDD91D /* Preview Content */,
			);
			path = Bookworm;
			sourceTree = "<group>";
		};
		8B9843CD2527B76100BDD91D /* Preview Content */ = {
			isa = PBXGroup;
			children = (
				8B9843CE2527B76100BDD91D /* Preview Assets.xcassets */,
			);
			path = "Preview Content";
			sourceTree = "<group>";
		};
/* End PBXGroup section */

/* Begin PBXNativeTarget section */
		8B9843BE2527B75D00BDD91D /* Bookworm */ = {
			isa = PBXNativeTarget;
			buildConfigurationList = 8B9843D62527B76100BDD91D /* Build configuration list for PBXNativeTarget "Bookworm" */;
			buildPhases = (
				8B9843BB2527B75D00BDD91D /* Sources */,
				8B9843BC2527B75D00BDD91D /* Frameworks */,
				8B9843BD2527B75D00BDD91D /* Resources */,
			);
			buildRules = (
			);
			dependencies = (
			);
			name = Bookworm;
			productName = Bookworm;
			productReference = 8B9843BF2527B75D00BDD91D /* Bookworm.app */;
			productType = "com.apple.product-type.application";
		};
/* End PBXNativeTarget section */

/* Begin PBXProject section */
		8B9843B72527B75D00BDD91D /* Project object */ = {
			isa = PBXProject;
			attributes = {
				LastSwiftUpdateCheck = 1170;
				LastUpgradeCheck = 1170;
				ORGANIZATIONNAME = "Kayla Fang";
				TargetAttributes = {
					8B9843BE2527B75D00BDD91D = {
						CreatedOnToolsVersion = 11.7;
					};
				};
			};
			buildConfigurationList = 8B9843BA2527B75D00BDD91D /* Build configuration list for PBXProject "Bookworm" */;
			compatibilityVersion = "Xcode 9.3";
			developmentRegion = en;
			hasScannedForEncodings = 0;
			knownRegions = (
				en,
				Base,
			);
			mainGroup = 8B9843B62527B75D00BDD91D;
			productRefGroup = 8B9843C02527B75D00BDD91D /* Products */;
			projectDirPath = "";
			projectRoot = "";
			targets = (
				8B9843BE2527B75D00BDD91D /* Bookworm */,
			);
		};
/* End PBXProject section */

/* Begin PBXResourcesBuildPhase section */
		8B9843BD2527B75D00BDD91D /* Resources */ = {
			isa = PBXResourcesBuildPhase;
			buildActionMask = 2147483647;
			files = (
				8B9843D22527B76100BDD91D /* LaunchScreen.storyboard in Resources */,
				8B9843CF2527B76100BDD91D /* Preview Assets.xcassets in Resources */,
				8B9843CC2527B76100BDD91D /* Assets.xcassets in Resources */,
			);
			runOnlyForDeploymentPostprocessing = 0;
		};
/* End PBXResourcesBuildPhase section */

/* Begin PBXSourcesBuildPhase section */
		8B9843BB2527B75D00BDD91D /* Sources */ = {
			isa = PBXSourcesBuildPhase;
			buildActionMask = 2147483647;
			files = (
				8B9843C32527B75D00BDD91D /* AppDelegate.swift in Sources */,
				8B9843E02528069A00BDD91D /* DetailView.swift in Sources */,
				8B9843C82527B75D00BDD91D /* Bookworm.xcdatamodeld in Sources */,
				8B9843DE2528044C00BDD91D /* EmojiRatingView.swift in Sources */,
				8B9843CA2527B75D00BDD91D /* ContentView.swift in Sources */,
				8B9843DC2528028300BDD91D /* RatingView.swift in Sources */,
				8B9843C52527B75D00BDD91D /* SceneDelegate.swift in Sources */,
				8B9843DA2527FCFF00BDD91D /* AddBookView.swift in Sources */,
			);
			runOnlyForDeploymentPostprocessing = 0;
		};
/* End PBXSourcesBuildPhase section */

/* Begin PBXVariantGroup section */
		8B9843D02527B76100BDD91D /* LaunchScreen.storyboard */ = {
			isa = PBXVariantGroup;
			children = (
				8B9843D12527B76100BDD91D /* Base */,
			);
			name = LaunchScreen.storyboard;
			sourceTree = "<group>";
		};
/* End PBXVariantGroup section */

/* Begin XCBuildConfiguration section */
		8B9843D42527B76100BDD91D /* Debug */ = {
			isa = XCBuildConfiguration;
			buildSettings = {
				ALWAYS_SEARCH_USER_PATHS = NO;
				CLANG_ANALYZER_NONNULL = YES;
				CLANG_ANALYZER_NUMBER_OBJECT_CONVERSION = YES_AGGRESSIVE;
				CLANG_CXX_LANGUAGE_STANDARD = "gnu++14";
				CLANG_CXX_LIBRARY = "libc++";
				CLANG_ENABLE_MODULES = YES;
				CLANG_ENABLE_OBJC_ARC = YES;
				CLANG_ENABLE_OBJC_WEAK = YES;
				CLANG_WARN_BLOCK_CAPTURE_AUTORELEASING = YES;
				CLANG_WARN_BOOL_CONVERSION = YES;
				CLANG_WARN_COMMA = YES;
				CLANG_WARN_CONSTANT_CONVERSION = YES;
				CLANG_WARN_DEPRECATED_OBJC_IMPLEMENTATIONS = YES;
				CLANG_WARN_DIRECT_OBJC_ISA_USAGE = YES_ERROR;
				CLANG_WARN_DOCUMENTATION_COMMENTS = YES;
				CLANG_WARN_EMPTY_BODY = YES;
				CLANG_WARN_ENUM_CONVERSION = YES;
				CLANG_WARN_INFINITE_RECURSION = YES;
				CLANG_WARN_INT_CONVERSION = YES;
				CLANG_WARN_NON_LITERAL_NULL_CONVERSION = YES;
				CLANG_WARN_OBJC_IMPLICIT_RETAIN_SELF = YES;
				CLANG_WARN_OBJC_LITERAL_CONVERSION = YES;
				CLANG_WARN_OBJC_ROOT_CLASS = YES_ERROR;
				CLANG_WARN_RANGE_LOOP_ANALYSIS = YES;
				CLANG_WARN_STRICT_PROTOTYPES = YES;
				CLANG_WARN_SUSPICIOUS_MOVE = YES;
				CLANG_WARN_UNGUARDED_AVAILABILITY = YES_AGGRESSIVE;
				CLANG_WARN_UNREACHABLE_CODE = YES;
				CLANG_WARN__DUPLICATE_METHOD_MATCH = YES;
				COPY_PHASE_STRIP = NO;
				DEBUG_INFORMATION_FORMAT = dwarf;
				ENABLE_STRICT_OBJC_MSGSEND = YES;
				ENABLE_TESTABILITY = YES;
				GCC_C_LANGUAGE_STANDARD = gnu11;
				GCC_DYNAMIC_NO_PIC = NO;
				GCC_NO_COMMON_BLOCKS = YES;
				GCC_OPTIMIZATION_LEVEL = 0;
				GCC_PREPROCESSOR_DEFINITIONS = (
					"DEBUG=1",
					"$(inherited)",
				);
				GCC_WARN_64_TO_32_BIT_CONVERSION = YES;
				GCC_WARN_ABOUT_RETURN_TYPE = YES_ERROR;
				GCC_WARN_UNDECLARED_SELECTOR = YES;
				GCC_WARN_UNINITIALIZED_AUTOS = YES_AGGRESSIVE;
				GCC_WARN_UNUSED_FUNCTION = YES;
				GCC_WARN_UNUSED_VARIABLE = YES;
				IPHONEOS_DEPLOYMENT_TARGET = 13.7;
				MTL_ENABLE_DEBUG_INFO = INCLUDE_SOURCE;
				MTL_FAST_MATH = YES;
				ONLY_ACTIVE_ARCH = YES;
				SDKROOT = iphoneos;
				SWIFT_ACTIVE_COMPILATION_CONDITIONS = DEBUG;
				SWIFT_OPTIMIZATION_LEVEL = "-Onone";
			};
			name = Debug;
		};
		8B9843D52527B76100BDD91D /* Release */ = {
			isa = XCBuildConfiguration;
			buildSettings = {
				ALWAYS_SEARCH_USER_PATHS = NO;
				CLANG_ANALYZER_NONNULL = YES;
				CLANG_ANALYZER_NUMBER_OBJECT_CONVERSION = YES_AGGRESSIVE;
				CLANG_CXX_LANGUAGE_STANDARD = "gnu++14";
				CLANG_CXX_LIBRARY = "libc++";
				CLANG_ENABLE_MODULES = YES;
				CLANG_ENABLE_OBJC_ARC = YES;
				CLANG_ENABLE_OBJC_WEAK = YES;
				CLANG_WARN_BLOCK_CAPTURE_AUTORELEASING = YES;
				CLANG_WARN_BOOL_CONVERSION = YES;
				CLANG_WARN_COMMA = YES;
				CLANG_WARN_CONSTANT_CONVERSION = YES;
				CLANG_WARN_DEPRECATED_OBJC_IMPLEMENTATIONS = YES;
				CLANG_WARN_DIRECT_OBJC_ISA_USAGE = YES_ERROR;
				CLANG_WARN_DOCUMENTATION_COMMENTS = YES;
				CLANG_WARN_EMPTY_BODY = YES;
				CLANG_WARN_ENUM_CONVERSION = YES;
				CLANG_WARN_INFINITE_RECURSION = YES;
				CLANG_WARN_INT_CONVERSION = YES;
				CLANG_WARN_NON_LITERAL_NULL_CONVERSION = YES;
				CLANG_WARN_OBJC_IMPLICIT_RETAIN_SELF = YES;
				CLANG_WARN_OBJC_LITERAL_CONVERSION = YES;
				CLANG_WARN_OBJC_ROOT_CLASS = YES_ERROR;
				CLANG_WARN_RANGE_LOOP_ANALYSIS = YES;
				CLANG_WARN_STRICT_PROTOTYPES = YES;
				CLANG_WARN_SUSPICIOUS_MOVE = YES;
				CLANG_WARN_UNGUARDED_AVAILABILITY = YES_AGGRESSIVE;
				CLANG_WARN_UNREACHABLE_CODE = YES;
				CLANG_WARN__DUPLICATE_METHOD_MATCH = YES;
				COPY_PHASE_STRIP = NO;
				DEBUG_INFORMATION_FORMAT = "dwarf-with-dsym";
				ENABLE_NS_ASSERTIONS = NO;
				ENABLE_STRICT_OBJC_MSGSEND = YES;
				GCC_C_LANGUAGE_STANDARD = gnu11;
				GCC_NO_COMMON_BLOCKS = YES;
				GCC_WARN_64_TO_32_BIT_CONVERSION = YES;
				GCC_WARN_ABOUT_RETURN_TYPE = YES_ERROR;
				GCC_WARN_UNDECLARED_SELECTOR = YES;
				GCC_WARN_UNINITIALIZED_AUTOS = YES_AGGRESSIVE;
				GCC_WARN_UNUSED_FUNCTION = YES;
				GCC_WARN_UNUSED_VARIABLE = YES;
				IPHONEOS_DEPLOYMENT_TARGET = 13.7;
				MTL_ENABLE_DEBUG_INFO = NO;
				MTL_FAST_MATH = YES;
				SDKROOT = iphoneos;
				SWIFT_COMPILATION_MODE = wholemodule;
				SWIFT_OPTIMIZATION_LEVEL = "-O";
				VALIDATE_PRODUCT = YES;
			};
			name = Release;
		};
		8B9843D72527B76100BDD91D /* Debug */ = {
			isa = XCBuildConfiguration;
			buildSettings = {
				ASSETCATALOG_COMPILER_APPICON_NAME = AppIcon;
				CODE_SIGN_STYLE = Automatic;
				DEVELOPMENT_ASSET_PATHS = "\"Bookworm/Preview Content\"";
				ENABLE_PREVIEWS = YES;
				INFOPLIST_FILE = Bookworm/Info.plist;
				LD_RUNPATH_SEARCH_PATHS = (
					"$(inherited)",
					"@executable_path/Frameworks",
				);
				PRODUCT_BUNDLE_IDENTIFIER = me.Fang.Kayla.Bookworm;
				PRODUCT_NAME = "$(TARGET_NAME)";
				SWIFT_VERSION = 5.0;
				TARGETED_DEVICE_FAMILY = "1,2";
			};
			name = Debug;
		};
		8B9843D82527B76100BDD91D /* Release */ = {
			isa = XCBuildConfiguration;
			buildSettings = {
				ASSETCATALOG_COMPILER_APPICON_NAME = AppIcon;
				CODE_SIGN_STYLE = Automatic;
				DEVELOPMENT_ASSET_PATHS = "\"Bookworm/Preview Content\"";
				ENABLE_PREVIEWS = YES;
				INFOPLIST_FILE = Bookworm/Info.plist;
				LD_RUNPATH_SEARCH_PATHS = (
					"$(inherited)",
					"@executable_path/Frameworks",
				);
				PRODUCT_BUNDLE_IDENTIFIER = me.Fang.Kayla.Bookworm;
				PRODUCT_NAME = "$(TARGET_NAME)";
				SWIFT_VERSION = 5.0;
				TARGETED_DEVICE_FAMILY = "1,2";
			};
			name = Release;
		};
/* End XCBuildConfiguration section */

/* Begin XCConfigurationList section */
		8B9843BA2527B75D00BDD91D /* Build configuration list for PBXProject "Bookworm" */ = {
			isa = XCConfigurationList;
			buildConfigurations = (
				8B9843D42527B76100BDD91D /* Debug */,
				8B9843D52527B76100BDD91D /* Release */,
			);
			defaultConfigurationIsVisible = 0;
			defaultConfigurationName = Release;
		};
		8B9843D62527B76100BDD91D /* Build configuration list for PBXNativeTarget "Bookworm" */ = {
			isa = XCConfigurationList;
			buildConfigurations = (
				8B9843D72527B76100BDD91D /* Debug */,
				8B9843D82527B76100BDD91D /* Release */,
			);
			defaultConfigurationIsVisible = 0;
			defaultConfigurationName = Release;
		};
/* End XCConfigurationList section */

/* Begin XCVersionGroup section */
		8B9843C62527B75D00BDD91D /* Bookworm.xcdatamodeld */ = {
			isa = XCVersionGroup;
			children = (
				8B9843C72527B75D00BDD91D /* Bookworm.xcdatamodel */,
			);
			currentVersion = 8B9843C72527B75D00BDD91D /* Bookworm.xcdatamodel */;
			path = Bookworm.xcdatamodeld;
			sourceTree = "<group>";
			versionGroupType = wrapper.xcdatamodel;
		};
/* End XCVersionGroup section */
	};
	rootObject = 8B9843B72527B75D00BDD91D /* Project object */;
}
